
Microsoft Visual Studio Solution File, Format Version 12.00
# Visual Studio Version 16
VisualStudioVersion = 16.0.34729.46
MinimumVisualStudioVersion = 10.0.40219.1
Project("{FAE04EC0-301F-11D3-BF4B-00C04F79EFBC}") = "AragonLocalidades", "AragonLocalidades.csproj", "{94B1DC70-56AF-4B42-A480-4CF56D9B0807}"
EndProject
Global
	GlobalSection(SolutionConfigurationPlatforms) = preSolution
		Debug|Any CPU = Debug|Any CPU
		Release|Any CPU = Release|Any CPU
	EndGlobalSection
	GlobalSection(ProjectConfigurationPlatforms) = postSolution
		{94B1DC70-56AF-4B42-A480-4CF56D9B0807}.Debug|Any CPU.ActiveCfg = Debug|Any CPU
		{94B1DC70-56AF-4B42-A480-4CF56D9B0807}.Debug|Any CPU.Build.0 = Debug|Any CPU
		{94B1DC70-56AF-4B42-A480-4CF56D9B0807}.Release|Any CPU.ActiveCfg = Release|Any CPU
		{94B1DC70-56AF-4B42-A480-4CF56D9B0807}.Release|Any CPU.Build.0 = Release|Any CPU
	EndGlobalSection
	GlobalSection(SolutionProperties) = preSolution
		HideSolutionNode = FALSE
	EndGlobalSection
	GlobalSection(ExtensibilityGlobals) = postSolution
		SolutionGuid = {3E6CD41B-63AC-4180-9B76-EEEF3734F764}
	EndGlobalSection
EndGlobal
